
Microsoft Visual Studio Solution File, Format Version 12.00
# Visual Studio 14
VisualStudioVersion = 14.0.25420.1
MinimumVisualStudioVersion = 10.0.40219.1
Project("{8BC9CEB8-8B4A-11D0-8D11-00A0C91BC942}") = "Eg01_HelloOpenCV", "Eg01_HelloOpenCV\Eg01_HelloOpenCV.vcxproj", "{F9DED6C0-BA3F-40A5-B065-33859E78C177}"
EndProject
Project("{8BC9CEB8-8B4A-11D0-8D11-00A0C91BC942}") = "Eg02_SavePicture", "Eg02_SavePicture\Eg02_SavePicture.vcxproj", "{A33DBA0D-F774-44BA-954C-006B8FE0C195}"
EndProject
Project("{8BC9CEB8-8B4A-11D0-8D11-00A0C91BC942}") = "Eg03_BasicMergePicture", "Eg03_BasicMergePicture\Eg03_BasicMergePicture.vcxproj", "{B9709A6A-0C0B-4F5C-92C6-901887786F8A}"
EndProject
Project("{8BC9CEB8-8B4A-11D0-8D11-00A0C91BC942}") = "Eg04_TrackBar", "Eg04_TrackBar\Eg04_TrackBar.vcxproj", "{ED7BC985-9F6C-44B9-AE38-EA9CB82753B1}"
EndProject
Project("{8BC9CEB8-8B4A-11D0-8D11-00A0C91BC942}") = "Eg05_MouseOperator", "Eg05_MouseOperator\Eg05_MouseOperator.vcxproj", "{3FC392DF-61CF-451F-BBFD-828DBFC0A0EF}"
EndProject
Project("{8BC9CEB8-8B4A-11D0-8D11-00A0C91BC942}") = "Eg06_MatOperation", "Eg06_MatOperation\Eg06_MatOperation.vcxproj", "{B28F27A0-2484-4C87-A3B9-FEC770357627}"
EndProject
Project("{8BC9CEB8-8B4A-11D0-8D11-00A0C91BC942}") = "Eg07_BasicStruct", "Eg07_BasicStruct\Eg07_BasicStruct.vcxproj", "{497916AB-74E0-4927-84F6-AA5AB89842DB}"
EndProject
Project("{8BC9CEB8-8B4A-11D0-8D11-00A0C91BC942}") = "Eg08_BasicGraphDraw", "Eg08_BasicGraphDraw\Eg08_BasicGraphDraw.vcxproj", "{FD232908-CB25-417E-A2CA-9D6D8E6EC022}"
EndProject
Project("{8BC9CEB8-8B4A-11D0-8D11-00A0C91BC942}") = "Eg09_ReadImagePixel", "Eg09_ReadImagePixel\Eg09_ReadImagePixel.vcxproj", "{AC85086D-6B3C-452B-9087-1E785D332462}"
EndProject
Project("{8BC9CEB8-8B4A-11D0-8D11-00A0C91BC942}") = "Eg10_ROIOperation", "Eg10_ROIOperation\Eg10_ROIOperation.vcxproj", "{8BF40C58-032A-4E4B-9953-E34889DD6384}"
EndProject
Project("{8BC9CEB8-8B4A-11D0-8D11-00A0C91BC942}") = "Eg11_MultiChannelBlending", "Eg11_MultiChannelBlending\Eg11_MultiChannelBlending.vcxproj", "{59850EE0-5E1A-4B17-A7B3-D27476260FB1}"
EndProject
Project("{2150E333-8FDC-42A3-9474-1A3956D46DE8}") = "Study", "Study", "{268075B0-A277-4077-8DF1-7DC6287469EF}"
EndProject
Project("{8BC9CEB8-8B4A-11D0-8D11-00A0C91BC942}") = "Eg12_ReadWriteXmlYaml", "Eg12_ReadWriteXmlYaml\Eg12_ReadWriteXmlYaml.vcxproj", "{79764E35-171D-42A1-9768-39A5000161CF}"
EndProject
Project("{8BC9CEB8-8B4A-11D0-8D11-00A0C91BC942}") = "Eg13_LinearFilter", "Eg13_LinearFilter\Eg13_LinearFilter.vcxproj", "{78FBA254-3C4F-41C7-B5E2-06BF3BC3A145}"
EndProject
Project("{8BC9CEB8-8B4A-11D0-8D11-00A0C91BC942}") = "Eg14_EdgeDetection", "Eg14_EdgeDetection\Eg14_EdgeDetection.vcxproj", "{073525A8-0EFF-429B-A98C-0307044461F8}"
EndProject
Project("{8BC9CEB8-8B4A-11D0-8D11-00A0C91BC942}") = "Eg15_HoughTransform", "Eg15_HoughTransform\Eg15_HoughTransform.vcxproj", "{8E657E2E-6BB4-460A-8775-648626663FA0}"
EndProject
Project("{8BC9CEB8-8B4A-11D0-8D11-00A0C91BC942}") = "Eg16_CornerDetect", "Eg16_CornerDetect\Eg16_CornerDetect.vcxproj", "{66F0E1D5-7248-4A8D-9CB6-49C8CD97AA57}"
EndProject
Project("{8BC9CEB8-8B4A-11D0-8D11-00A0C91BC942}") = "Eg17_Remap", "Eg17_Remap\Eg17_Remap.vcxproj", "{CA49ACC6-53B0-49A4-B403-A59BCEB4D244}"
EndProject
Project("{8BC9CEB8-8B4A-11D0-8D11-00A0C91BC942}") = "Eg18_WarpAffine", "Eg18_WarpAffine\Eg18_WarpAffine.vcxproj", "{CEB261E3-EBF6-48FD-BAF7-08FECC185A44}"
EndProject
Project("{8BC9CEB8-8B4A-11D0-8D11-00A0C91BC942}") = "Eg19_EqualizeHist", "Eg19_EqualizeHist\Eg19_EqualizeHist.vcxproj", "{7922A30B-4EE2-4733-A865-B8230ABA43BA}"
EndProject
Project("{8BC9CEB8-8B4A-11D0-8D11-00A0C91BC942}") = "Eg20_ErodeDilate", "Eg20_ErodeDilate\Eg20_ErodeDilate.vcxproj", "{CFB8AF35-D318-4ADB-A62C-D0A6AE70A156}"
EndProject
Project("{8BC9CEB8-8B4A-11D0-8D11-00A0C91BC942}") = "Eg21_FloodFill", "Eg21_FloodFill\Eg21_FloodFill.vcxproj", "{C4CAC5D1-FBCB-49A3-944A-38B260D992C9}"
EndProject
Project("{8BC9CEB8-8B4A-11D0-8D11-00A0C91BC942}") = "Eg22_ImageResize", "Eg22_ImageResize\Eg22_ImageResize.vcxproj", "{41C7FE3D-08FB-4850-B50B-D7FD6CE1815A}"
EndProject
Project("{8BC9CEB8-8B4A-11D0-8D11-00A0C91BC942}") = "Eg23_ImageThreshold", "Eg23_ImageThreshold\Eg23_ImageThreshold.vcxproj", "{E37F5F86-C95D-4479-A59D-4B024D1726DE}"
EndProject
Project("{8BC9CEB8-8B4A-11D0-8D11-00A0C91BC942}") = "Eg24_FindConvexHull", "Eg24_FindConvexHull\Eg24_FindConvexHull.vcxproj", "{F4049AB9-8919-4BE4-97E4-F5FAF40B75D7}"
EndProject
Project("{8BC9CEB8-8B4A-11D0-8D11-00A0C91BC942}") = "Eg25_MinAreaRectCircle", "Eg25_MinAreaRectCircle\Eg25_MinAreaRectCircle.vcxproj", "{A714F54E-F9E6-4D78-B60D-669C11B4728E}"
EndProject
Project("{8BC9CEB8-8B4A-11D0-8D11-00A0C91BC942}") = "Eg26_MinArea", "Eg26_MinArea\Eg26_MinArea.vcxproj", "{DD6D5CA6-3369-45AA-856B-CBFC96154A21}"
EndProject
Project("{8BC9CEB8-8B4A-11D0-8D11-00A0C91BC942}") = "Eg27_AffineTransform", "Eg27_AffineTransform\Eg27_AffineTransform.vcxproj", "{DD698EFF-30FC-4268-AB51-74F8326264FD}"
EndProject
Project("{2150E333-8FDC-42A3-9474-1A3956D46DE8}") = "Solution Items", "Solution Items", "{020A600A-AA10-46D9-9040-3374119544A4}"
	ProjectSection(SolutionItems) = preProject
		README.md = README.md
	EndProjectSection
EndProject
Project("{8BC9CEB8-8B4A-11D0-8D11-00A0C91BC942}") = "Eg28_LogPolar", "Eg28_LogPolar\Eg28_LogPolar.vcxproj", "{2D6CA516-08AD-40E8-B6A5-1970E6F62DEB}"
EndProject
Project("{8BC9CEB8-8B4A-11D0-8D11-00A0C91BC942}") = "Eg29_Remap", "Eg29_Remap\Eg29_Remap.vcxproj", "{2831AAA0-651A-4028-8AD2-36C61C5803F6}"
EndProject
Project("{8BC9CEB8-8B4A-11D0-8D11-00A0C91BC942}") = "Eg30_ReadWriteVideo", "Eg30_ReadWriteVideo\Eg30_ReadWriteVideo.vcxproj", "{B716A21A-886D-4149-BF54-7A2FA183AA67}"
EndProject
Project("{8BC9CEB8-8B4A-11D0-8D11-00A0C91BC942}") = "Eg31_AlphaBlending", "Eg31_AlphaBlending\Eg31_AlphaBlending.vcxproj", "{DD7FD6E3-C3CA-4C0C-9B78-57723F602322}"
EndProject
Project("{8BC9CEB8-8B4A-11D0-8D11-00A0C91BC942}") = "Eg32_Deghost", "Eg32_Deghost\Eg32_Deghost.vcxproj", "{7368C360-BB10-4011-82FF-39B21777F834}"
EndProject
Project("{8BC9CEB8-8B4A-11D0-8D11-00A0C91BC942}") = "Eg33_OpticalFlow", "Eg33_OpticalFlow\Eg33_OpticalFlow.vcxproj", "{68DBD23D-5062-4E4A-8576-2550E0DA3A3E}"
EndProject
Project("{8BC9CEB8-8B4A-11D0-8D11-00A0C91BC942}") = "Eg34_OperatePixel", "Eg34_OperatePixel\Eg34_OperatePixel.vcxproj", "{73EDBB83-4260-433C-BA71-3AF2D72BB953}"
EndProject
Project("{8BC9CEB8-8B4A-11D0-8D11-00A0C91BC942}") = "Eg35_FFT", "Eg35_FFT\Eg35_FFT.vcxproj", "{7852852F-35B7-458A-BF0B-5C232200A4DC}"
EndProject
Project("{8BC9CEB8-8B4A-11D0-8D11-00A0C91BC942}") = "Eg36_HoughTransform", "Eg36_HoughTransform\Eg36_HoughTransform.vcxproj", "{4AA855AA-2929-429F-B1EA-F08AE8C019F5}"
EndProject
Project("{2150E333-8FDC-42A3-9474-1A3956D46DE8}") = "Project", "Project", "{A6A34B1D-793A-463E-AD5A-6EC32D4047F6}"
EndProject
Project("{8BC9CEB8-8B4A-11D0-8D11-00A0C91BC942}") = "Prj01_HazeRemoval", "Prj01_HazeRemoval\Prj01_HazeRemoval.vcxproj", "{6C95753B-4171-49C3-89CB-E3BCCBE855EC}"
EndProject
Project("{8BC9CEB8-8B4A-11D0-8D11-00A0C91BC942}") = "Eg37_Keypoints", "Eg37_Keypoints\Eg37_Keypoints.vcxproj", "{209476FD-D3A2-43D0-A987-9EE8B111B9A5}"
EndProject
Project("{8BC9CEB8-8B4A-11D0-8D11-00A0C91BC942}") = "Eg38_KeypointMatch", "Eg38_KeypointMatch\Eg38_KeypointMatch.vcxproj", "{47A82551-D8E0-42D0-939D-2D57C092D774}"
EndProject
Project("{8BC9CEB8-8B4A-11D0-8D11-00A0C91BC942}") = "Eg39_CameraCalibration", "Eg39_CameraCalibration\Eg39_CameraCalibration.vcxproj", "{CA6BFD9B-E2A4-43D9-915E-F1E3F10FEB06}"
EndProject
Project("{8BC9CEB8-8B4A-11D0-8D11-00A0C91BC942}") = "Eg40_VideoTracking", "Eg40_VideoTracking\Eg40_VideoTracking.vcxproj", "{A76B1EF1-B084-4029-BF79-A31081EFFFB2}"
EndProject
Project("{8BC9CEB8-8B4A-11D0-8D11-00A0C91BC942}") = "Prj02_CameraCalibration", "Prj02_CameraCalibration\Prj02_CameraCalibration.vcxproj", "{ECC96BE5-7D3B-4C32-A2B7-46EEC06ABEF4}"
EndProject
Project("{8BC9CEB8-8B4A-11D0-8D11-00A0C91BC942}") = "Eg41_CalcHist", "Eg41_CalcHist\Eg41_CalcHist.vcxproj", "{23CB6AF9-D0A8-46A0-BC06-8656780FF1DC}"
EndProject
Project("{8BC9CEB8-8B4A-11D0-8D11-00A0C91BC942}") = "Eg42_HistCompare", "Eg42_HistCompare\Eg42_HistCompare.vcxproj", "{8B9D1851-58E1-476F-B7CA-E7FDDC378320}"
EndProject
Project("{8BC9CEB8-8B4A-11D0-8D11-00A0C91BC942}") = "Eg43_EMDHistCompare", "Eg43_EMDHistCompare\Eg43_EMDHistCompare.vcxproj", "{22C93877-D34D-4FEA-8332-DD5D5F97FAD5}"
EndProject
Project("{8BC9CEB8-8B4A-11D0-8D11-00A0C91BC942}") = "Eg44_BackProjection", "Eg44_BackProjection\Eg44_BackProjection.vcxproj", "{F873A158-7745-4B07-802A-E6E21D9F9487}"
EndProject
Project("{8BC9CEB8-8B4A-11D0-8D11-00A0C91BC942}") = "Eg45_ImprovedBackProjection", "Eg45_ImprovedBackProjection\Eg45_ImprovedBackProjection.vcxproj", "{8C920D71-26F5-49B7-B4C6-B78CB047037B}"
EndProject
Project("{8BC9CEB8-8B4A-11D0-8D11-00A0C91BC942}") = "Eg46_TemplateMatch", "Eg46_TemplateMatch\Eg46_TemplateMatch.vcxproj", "{316F207E-2754-46ED-9C4B-337940576AE6}"
EndProject
Project("{8BC9CEB8-8B4A-11D0-8D11-00A0C91BC942}") = "Eg47_FindContour", "Eg47_FindContour\Eg47_FindContour.vcxproj", "{B0A744BA-8FD8-4A4C-A673-77EDD4D9E21F}"
EndProject
Project("{8BC9CEB8-8B4A-11D0-8D11-00A0C91BC942}") = "Eg48_ImprovedFindContour", "Eg48_ImprovedFindContour\Eg48_ImprovedFindContour.vcxproj", "{2405CCB3-2CE8-4993-994F-076F90F93303}"
EndProject
Project("{8BC9CEB8-8B4A-11D0-8D11-00A0C91BC942}") = "Eg49_FindContourUsingCanny", "Eg49_FindContourUsingCanny\Eg49_FindContourUsingCanny.vcxproj", "{A9D8D984-2C4B-4165-B8F5-DFDAC56B48FF}"
EndProject
Project("{8BC9CEB8-8B4A-11D0-8D11-00A0C91BC942}") = "Eg50_DrawLabeledConnectedComponents", "Eg50_DrawLabeledConnectedComponents\Eg50_DrawLabeledConnectedComponents.vcxproj", "{4C27ED96-436C-4047-ABF9-C945A4CD58CE}"
EndProject
Project("{8BC9CEB8-8B4A-11D0-8D11-00A0C91BC942}") = "Eg51_PolygonApprox", "Eg51_PolygonApprox\Eg51_PolygonApprox.vcxproj", "{3F8DB2C2-00B2-4806-8AD6-A7C99439565D}"
EndProject
Project("{8BC9CEB8-8B4A-11D0-8D11-00A0C91BC942}") = "Eg52_BoundingRect", "Eg52_BoundingRect\Eg52_BoundingRect.vcxproj", "{B8509AF4-0CB1-4D24-B953-BEBC9B48620A}"
EndProject
Project("{8BC9CEB8-8B4A-11D0-8D11-00A0C91BC942}") = "Eg53_PointPolygonTest", "Eg53_PointPolygonTest\Eg53_PointPolygonTest.vcxproj", "{0EAA36E6-DF78-40D5-ADEB-3CFFA8DB45AD}"
EndProject
Global
	GlobalSection(SolutionConfigurationPlatforms) = preSolution
		Debug|x64 = Debug|x64
		Debug|x86 = Debug|x86
		Release|x64 = Release|x64
		Release|x86 = Release|x86
	EndGlobalSection
	GlobalSection(ProjectConfigurationPlatforms) = postSolution
		{F9DED6C0-BA3F-40A5-B065-33859E78C177}.Debug|x64.ActiveCfg = Debug|x64
		{F9DED6C0-BA3F-40A5-B065-33859E78C177}.Debug|x64.Build.0 = Debug|x64
		{F9DED6C0-BA3F-40A5-B065-33859E78C177}.Debug|x86.ActiveCfg = Debug|Win32
		{F9DED6C0-BA3F-40A5-B065-33859E78C177}.Debug|x86.Build.0 = Debug|Win32
		{F9DED6C0-BA3F-40A5-B065-33859E78C177}.Release|x64.ActiveCfg = Release|x64
		{F9DED6C0-BA3F-40A5-B065-33859E78C177}.Release|x64.Build.0 = Release|x64
		{F9DED6C0-BA3F-40A5-B065-33859E78C177}.Release|x86.ActiveCfg = Release|Win32
		{F9DED6C0-BA3F-40A5-B065-33859E78C177}.Release|x86.Build.0 = Release|Win32
		{A33DBA0D-F774-44BA-954C-006B8FE0C195}.Debug|x64.ActiveCfg = Debug|x64
		{A33DBA0D-F774-44BA-954C-006B8FE0C195}.Debug|x64.Build.0 = Debug|x64
		{A33DBA0D-F774-44BA-954C-006B8FE0C195}.Debug|x86.ActiveCfg = Debug|Win32
		{A33DBA0D-F774-44BA-954C-006B8FE0C195}.Debug|x86.Build.0 = Debug|Win32
		{A33DBA0D-F774-44BA-954C-006B8FE0C195}.Release|x64.ActiveCfg = Release|x64
		{A33DBA0D-F774-44BA-954C-006B8FE0C195}.Release|x64.Build.0 = Release|x64
		{A33DBA0D-F774-44BA-954C-006B8FE0C195}.Release|x86.ActiveCfg = Release|Win32
		{A33DBA0D-F774-44BA-954C-006B8FE0C195}.Release|x86.Build.0 = Release|Win32
		{B9709A6A-0C0B-4F5C-92C6-901887786F8A}.Debug|x64.ActiveCfg = Debug|x64
		{B9709A6A-0C0B-4F5C-92C6-901887786F8A}.Debug|x64.Build.0 = Debug|x64
		{B9709A6A-0C0B-4F5C-92C6-901887786F8A}.Debug|x86.ActiveCfg = Debug|Win32
		{B9709A6A-0C0B-4F5C-92C6-901887786F8A}.Debug|x86.Build.0 = Debug|Win32
		{B9709A6A-0C0B-4F5C-92C6-901887786F8A}.Release|x64.ActiveCfg = Release|x64
		{B9709A6A-0C0B-4F5C-92C6-901887786F8A}.Release|x64.Build.0 = Release|x64
		{B9709A6A-0C0B-4F5C-92C6-901887786F8A}.Release|x86.ActiveCfg = Release|Win32
		{B9709A6A-0C0B-4F5C-92C6-901887786F8A}.Release|x86.Build.0 = Release|Win32
		{ED7BC985-9F6C-44B9-AE38-EA9CB82753B1}.Debug|x64.ActiveCfg = Debug|x64
		{ED7BC985-9F6C-44B9-AE38-EA9CB82753B1}.Debug|x64.Build.0 = Debug|x64
		{ED7BC985-9F6C-44B9-AE38-EA9CB82753B1}.Debug|x86.ActiveCfg = Debug|Win32
		{ED7BC985-9F6C-44B9-AE38-EA9CB82753B1}.Debug|x86.Build.0 = Debug|Win32
		{ED7BC985-9F6C-44B9-AE38-EA9CB82753B1}.Release|x64.ActiveCfg = Release|x64
		{ED7BC985-9F6C-44B9-AE38-EA9CB82753B1}.Release|x64.Build.0 = Release|x64
		{ED7BC985-9F6C-44B9-AE38-EA9CB82753B1}.Release|x86.ActiveCfg = Release|Win32
		{ED7BC985-9F6C-44B9-AE38-EA9CB82753B1}.Release|x86.Build.0 = Release|Win32
		{3FC392DF-61CF-451F-BBFD-828DBFC0A0EF}.Debug|x64.ActiveCfg = Debug|x64
		{3FC392DF-61CF-451F-BBFD-828DBFC0A0EF}.Debug|x64.Build.0 = Debug|x64
		{3FC392DF-61CF-451F-BBFD-828DBFC0A0EF}.Debug|x86.ActiveCfg = Debug|Win32
		{3FC392DF-61CF-451F-BBFD-828DBFC0A0EF}.Debug|x86.Build.0 = Debug|Win32
		{3FC392DF-61CF-451F-BBFD-828DBFC0A0EF}.Release|x64.ActiveCfg = Release|x64
		{3FC392DF-61CF-451F-BBFD-828DBFC0A0EF}.Release|x64.Build.0 = Release|x64
		{3FC392DF-61CF-451F-BBFD-828DBFC0A0EF}.Release|x86.ActiveCfg = Release|Win32
		{3FC392DF-61CF-451F-BBFD-828DBFC0A0EF}.Release|x86.Build.0 = Release|Win32
		{B28F27A0-2484-4C87-A3B9-FEC770357627}.Debug|x64.ActiveCfg = Debug|x64
		{B28F27A0-2484-4C87-A3B9-FEC770357627}.Debug|x64.Build.0 = Debug|x64
		{B28F27A0-2484-4C87-A3B9-FEC770357627}.Debug|x86.ActiveCfg = Debug|Win32
		{B28F27A0-2484-4C87-A3B9-FEC770357627}.Debug|x86.Build.0 = Debug|Win32
		{B28F27A0-2484-4C87-A3B9-FEC770357627}.Release|x64.ActiveCfg = Release|x64
		{B28F27A0-2484-4C87-A3B9-FEC770357627}.Release|x64.Build.0 = Release|x64
		{B28F27A0-2484-4C87-A3B9-FEC770357627}.Release|x86.ActiveCfg = Release|Win32
		{B28F27A0-2484-4C87-A3B9-FEC770357627}.Release|x86.Build.0 = Release|Win32
		{497916AB-74E0-4927-84F6-AA5AB89842DB}.Debug|x64.ActiveCfg = Debug|x64
		{497916AB-74E0-4927-84F6-AA5AB89842DB}.Debug|x64.Build.0 = Debug|x64
		{497916AB-74E0-4927-84F6-AA5AB89842DB}.Debug|x86.ActiveCfg = Debug|Win32
		{497916AB-74E0-4927-84F6-AA5AB89842DB}.Debug|x86.Build.0 = Debug|Win32
		{497916AB-74E0-4927-84F6-AA5AB89842DB}.Release|x64.ActiveCfg = Release|x64
		{497916AB-74E0-4927-84F6-AA5AB89842DB}.Release|x64.Build.0 = Release|x64
		{497916AB-74E0-4927-84F6-AA5AB89842DB}.Release|x86.ActiveCfg = Release|Win32
		{497916AB-74E0-4927-84F6-AA5AB89842DB}.Release|x86.Build.0 = Release|Win32
		{FD232908-CB25-417E-A2CA-9D6D8E6EC022}.Debug|x64.ActiveCfg = Debug|x64
		{FD232908-CB25-417E-A2CA-9D6D8E6EC022}.Debug|x64.Build.0 = Debug|x64
		{FD232908-CB25-417E-A2CA-9D6D8E6EC022}.Debug|x86.ActiveCfg = Debug|Win32
		{FD232908-CB25-417E-A2CA-9D6D8E6EC022}.Debug|x86.Build.0 = Debug|Win32
		{FD232908-CB25-417E-A2CA-9D6D8E6EC022}.Release|x64.ActiveCfg = Release|x64
		{FD232908-CB25-417E-A2CA-9D6D8E6EC022}.Release|x64.Build.0 = Release|x64
		{FD232908-CB25-417E-A2CA-9D6D8E6EC022}.Release|x86.ActiveCfg = Release|Win32
		{FD232908-CB25-417E-A2CA-9D6D8E6EC022}.Release|x86.Build.0 = Release|Win32
		{AC85086D-6B3C-452B-9087-1E785D332462}.Debug|x64.ActiveCfg = Debug|x64
		{AC85086D-6B3C-452B-9087-1E785D332462}.Debug|x64.Build.0 = Debug|x64
		{AC85086D-6B3C-452B-9087-1E785D332462}.Debug|x86.ActiveCfg = Debug|Win32
		{AC85086D-6B3C-452B-9087-1E785D332462}.Debug|x86.Build.0 = Debug|Win32
		{AC85086D-6B3C-452B-9087-1E785D332462}.Release|x64.ActiveCfg = Release|x64
		{AC85086D-6B3C-452B-9087-1E785D332462}.Release|x64.Build.0 = Release|x64
		{AC85086D-6B3C-452B-9087-1E785D332462}.Release|x86.ActiveCfg = Release|Win32
		{AC85086D-6B3C-452B-9087-1E785D332462}.Release|x86.Build.0 = Release|Win32
		{8BF40C58-032A-4E4B-9953-E34889DD6384}.Debug|x64.ActiveCfg = Debug|x64
		{8BF40C58-032A-4E4B-9953-E34889DD6384}.Debug|x64.Build.0 = Debug|x64
		{8BF40C58-032A-4E4B-9953-E34889DD6384}.Debug|x86.ActiveCfg = Debug|Win32
		{8BF40C58-032A-4E4B-9953-E34889DD6384}.Debug|x86.Build.0 = Debug|Win32
		{8BF40C58-032A-4E4B-9953-E34889DD6384}.Release|x64.ActiveCfg = Release|x64
		{8BF40C58-032A-4E4B-9953-E34889DD6384}.Release|x64.Build.0 = Release|x64
		{8BF40C58-032A-4E4B-9953-E34889DD6384}.Release|x86.ActiveCfg = Release|Win32
		{8BF40C58-032A-4E4B-9953-E34889DD6384}.Release|x86.Build.0 = Release|Win32
		{59850EE0-5E1A-4B17-A7B3-D27476260FB1}.Debug|x64.ActiveCfg = Debug|x64
		{59850EE0-5E1A-4B17-A7B3-D27476260FB1}.Debug|x64.Build.0 = Debug|x64
		{59850EE0-5E1A-4B17-A7B3-D27476260FB1}.Debug|x86.ActiveCfg = Debug|Win32
		{59850EE0-5E1A-4B17-A7B3-D27476260FB1}.Debug|x86.Build.0 = Debug|Win32
		{59850EE0-5E1A-4B17-A7B3-D27476260FB1}.Release|x64.ActiveCfg = Release|x64
		{59850EE0-5E1A-4B17-A7B3-D27476260FB1}.Release|x64.Build.0 = Release|x64
		{59850EE0-5E1A-4B17-A7B3-D27476260FB1}.Release|x86.ActiveCfg = Release|Win32
		{59850EE0-5E1A-4B17-A7B3-D27476260FB1}.Release|x86.Build.0 = Release|Win32
		{79764E35-171D-42A1-9768-39A5000161CF}.Debug|x64.ActiveCfg = Debug|x64
		{79764E35-171D-42A1-9768-39A5000161CF}.Debug|x64.Build.0 = Debug|x64
		{79764E35-171D-42A1-9768-39A5000161CF}.Debug|x86.ActiveCfg = Debug|Win32
		{79764E35-171D-42A1-9768-39A5000161CF}.Debug|x86.Build.0 = Debug|Win32
		{79764E35-171D-42A1-9768-39A5000161CF}.Release|x64.ActiveCfg = Release|x64
		{79764E35-171D-42A1-9768-39A5000161CF}.Release|x64.Build.0 = Release|x64
		{79764E35-171D-42A1-9768-39A5000161CF}.Release|x86.ActiveCfg = Release|Win32
		{79764E35-171D-42A1-9768-39A5000161CF}.Release|x86.Build.0 = Release|Win32
		{78FBA254-3C4F-41C7-B5E2-06BF3BC3A145}.Debug|x64.ActiveCfg = Debug|x64
		{78FBA254-3C4F-41C7-B5E2-06BF3BC3A145}.Debug|x64.Build.0 = Debug|x64
		{78FBA254-3C4F-41C7-B5E2-06BF3BC3A145}.Debug|x86.ActiveCfg = Debug|Win32
		{78FBA254-3C4F-41C7-B5E2-06BF3BC3A145}.Debug|x86.Build.0 = Debug|Win32
		{78FBA254-3C4F-41C7-B5E2-06BF3BC3A145}.Release|x64.ActiveCfg = Release|x64
		{78FBA254-3C4F-41C7-B5E2-06BF3BC3A145}.Release|x64.Build.0 = Release|x64
		{78FBA254-3C4F-41C7-B5E2-06BF3BC3A145}.Release|x86.ActiveCfg = Release|Win32
		{78FBA254-3C4F-41C7-B5E2-06BF3BC3A145}.Release|x86.Build.0 = Release|Win32
		{073525A8-0EFF-429B-A98C-0307044461F8}.Debug|x64.ActiveCfg = Debug|x64
		{073525A8-0EFF-429B-A98C-0307044461F8}.Debug|x64.Build.0 = Debug|x64
		{073525A8-0EFF-429B-A98C-0307044461F8}.Debug|x86.ActiveCfg = Debug|Win32
		{073525A8-0EFF-429B-A98C-0307044461F8}.Debug|x86.Build.0 = Debug|Win32
		{073525A8-0EFF-429B-A98C-0307044461F8}.Release|x64.ActiveCfg = Release|x64
		{073525A8-0EFF-429B-A98C-0307044461F8}.Release|x64.Build.0 = Release|x64
		{073525A8-0EFF-429B-A98C-0307044461F8}.Release|x86.ActiveCfg = Release|Win32
		{073525A8-0EFF-429B-A98C-0307044461F8}.Release|x86.Build.0 = Release|Win32
		{8E657E2E-6BB4-460A-8775-648626663FA0}.Debug|x64.ActiveCfg = Debug|x64
		{8E657E2E-6BB4-460A-8775-648626663FA0}.Debug|x64.Build.0 = Debug|x64
		{8E657E2E-6BB4-460A-8775-648626663FA0}.Debug|x86.ActiveCfg = Debug|Win32
		{8E657E2E-6BB4-460A-8775-648626663FA0}.Debug|x86.Build.0 = Debug|Win32
		{8E657E2E-6BB4-460A-8775-648626663FA0}.Release|x64.ActiveCfg = Release|x64
		{8E657E2E-6BB4-460A-8775-648626663FA0}.Release|x64.Build.0 = Release|x64
		{8E657E2E-6BB4-460A-8775-648626663FA0}.Release|x86.ActiveCfg = Release|Win32
		{8E657E2E-6BB4-460A-8775-648626663FA0}.Release|x86.Build.0 = Release|Win32
		{66F0E1D5-7248-4A8D-9CB6-49C8CD97AA57}.Debug|x64.ActiveCfg = Debug|x64
		{66F0E1D5-7248-4A8D-9CB6-49C8CD97AA57}.Debug|x64.Build.0 = Debug|x64
		{66F0E1D5-7248-4A8D-9CB6-49C8CD97AA57}.Debug|x86.ActiveCfg = Debug|Win32
		{66F0E1D5-7248-4A8D-9CB6-49C8CD97AA57}.Debug|x86.Build.0 = Debug|Win32
		{66F0E1D5-7248-4A8D-9CB6-49C8CD97AA57}.Release|x64.ActiveCfg = Release|x64
		{66F0E1D5-7248-4A8D-9CB6-49C8CD97AA57}.Release|x64.Build.0 = Release|x64
		{66F0E1D5-7248-4A8D-9CB6-49C8CD97AA57}.Release|x86.ActiveCfg = Release|Win32
		{66F0E1D5-7248-4A8D-9CB6-49C8CD97AA57}.Release|x86.Build.0 = Release|Win32
		{CA49ACC6-53B0-49A4-B403-A59BCEB4D244}.Debug|x64.ActiveCfg = Debug|x64
		{CA49ACC6-53B0-49A4-B403-A59BCEB4D244}.Debug|x64.Build.0 = Debug|x64
		{CA49ACC6-53B0-49A4-B403-A59BCEB4D244}.Debug|x86.ActiveCfg = Debug|Win32
		{CA49ACC6-53B0-49A4-B403-A59BCEB4D244}.Debug|x86.Build.0 = Debug|Win32
		{CA49ACC6-53B0-49A4-B403-A59BCEB4D244}.Release|x64.ActiveCfg = Release|x64
		{CA49ACC6-53B0-49A4-B403-A59BCEB4D244}.Release|x64.Build.0 = Release|x64
		{CA49ACC6-53B0-49A4-B403-A59BCEB4D244}.Release|x86.ActiveCfg = Release|Win32
		{CA49ACC6-53B0-49A4-B403-A59BCEB4D244}.Release|x86.Build.0 = Release|Win32
		{CEB261E3-EBF6-48FD-BAF7-08FECC185A44}.Debug|x64.ActiveCfg = Debug|x64
		{CEB261E3-EBF6-48FD-BAF7-08FECC185A44}.Debug|x64.Build.0 = Debug|x64
		{CEB261E3-EBF6-48FD-BAF7-08FECC185A44}.Debug|x86.ActiveCfg = Debug|Win32
		{CEB261E3-EBF6-48FD-BAF7-08FECC185A44}.Debug|x86.Build.0 = Debug|Win32
		{CEB261E3-EBF6-48FD-BAF7-08FECC185A44}.Release|x64.ActiveCfg = Release|x64
		{CEB261E3-EBF6-48FD-BAF7-08FECC185A44}.Release|x64.Build.0 = Release|x64
		{CEB261E3-EBF6-48FD-BAF7-08FECC185A44}.Release|x86.ActiveCfg = Release|Win32
		{CEB261E3-EBF6-48FD-BAF7-08FECC185A44}.Release|x86.Build.0 = Release|Win32
		{7922A30B-4EE2-4733-A865-B8230ABA43BA}.Debug|x64.ActiveCfg = Debug|x64
		{7922A30B-4EE2-4733-A865-B8230ABA43BA}.Debug|x64.Build.0 = Debug|x64
		{7922A30B-4EE2-4733-A865-B8230ABA43BA}.Debug|x86.ActiveCfg = Debug|Win32
		{7922A30B-4EE2-4733-A865-B8230ABA43BA}.Debug|x86.Build.0 = Debug|Win32
		{7922A30B-4EE2-4733-A865-B8230ABA43BA}.Release|x64.ActiveCfg = Release|x64
		{7922A30B-4EE2-4733-A865-B8230ABA43BA}.Release|x64.Build.0 = Release|x64
		{7922A30B-4EE2-4733-A865-B8230ABA43BA}.Release|x86.ActiveCfg = Release|Win32
		{7922A30B-4EE2-4733-A865-B8230ABA43BA}.Release|x86.Build.0 = Release|Win32
		{CFB8AF35-D318-4ADB-A62C-D0A6AE70A156}.Debug|x64.ActiveCfg = Debug|x64
		{CFB8AF35-D318-4ADB-A62C-D0A6AE70A156}.Debug|x64.Build.0 = Debug|x64
		{CFB8AF35-D318-4ADB-A62C-D0A6AE70A156}.Debug|x86.ActiveCfg = Debug|Win32
		{CFB8AF35-D318-4ADB-A62C-D0A6AE70A156}.Debug|x86.Build.0 = Debug|Win32
		{CFB8AF35-D318-4ADB-A62C-D0A6AE70A156}.Release|x64.ActiveCfg = Release|x64
		{CFB8AF35-D318-4ADB-A62C-D0A6AE70A156}.Release|x64.Build.0 = Release|x64
		{CFB8AF35-D318-4ADB-A62C-D0A6AE70A156}.Release|x86.ActiveCfg = Release|Win32
		{CFB8AF35-D318-4ADB-A62C-D0A6AE70A156}.Release|x86.Build.0 = Release|Win32
		{C4CAC5D1-FBCB-49A3-944A-38B260D992C9}.Debug|x64.ActiveCfg = Debug|x64
		{C4CAC5D1-FBCB-49A3-944A-38B260D992C9}.Debug|x64.Build.0 = Debug|x64
		{C4CAC5D1-FBCB-49A3-944A-38B260D992C9}.Debug|x86.ActiveCfg = Debug|Win32
		{C4CAC5D1-FBCB-49A3-944A-38B260D992C9}.Debug|x86.Build.0 = Debug|Win32
		{C4CAC5D1-FBCB-49A3-944A-38B260D992C9}.Release|x64.ActiveCfg = Release|x64
		{C4CAC5D1-FBCB-49A3-944A-38B260D992C9}.Release|x64.Build.0 = Release|x64
		{C4CAC5D1-FBCB-49A3-944A-38B260D992C9}.Release|x86.ActiveCfg = Release|Win32
		{C4CAC5D1-FBCB-49A3-944A-38B260D992C9}.Release|x86.Build.0 = Release|Win32
		{41C7FE3D-08FB-4850-B50B-D7FD6CE1815A}.Debug|x64.ActiveCfg = Debug|x64
		{41C7FE3D-08FB-4850-B50B-D7FD6CE1815A}.Debug|x64.Build.0 = Debug|x64
		{41C7FE3D-08FB-4850-B50B-D7FD6CE1815A}.Debug|x86.ActiveCfg = Debug|Win32
		{41C7FE3D-08FB-4850-B50B-D7FD6CE1815A}.Debug|x86.Build.0 = Debug|Win32
		{41C7FE3D-08FB-4850-B50B-D7FD6CE1815A}.Release|x64.ActiveCfg = Release|x64
		{41C7FE3D-08FB-4850-B50B-D7FD6CE1815A}.Release|x64.Build.0 = Release|x64
		{41C7FE3D-08FB-4850-B50B-D7FD6CE1815A}.Release|x86.ActiveCfg = Release|Win32
		{41C7FE3D-08FB-4850-B50B-D7FD6CE1815A}.Release|x86.Build.0 = Release|Win32
		{E37F5F86-C95D-4479-A59D-4B024D1726DE}.Debug|x64.ActiveCfg = Debug|x64
		{E37F5F86-C95D-4479-A59D-4B024D1726DE}.Debug|x64.Build.0 = Debug|x64
		{E37F5F86-C95D-4479-A59D-4B024D1726DE}.Debug|x86.ActiveCfg = Debug|Win32
		{E37F5F86-C95D-4479-A59D-4B024D1726DE}.Debug|x86.Build.0 = Debug|Win32
		{E37F5F86-C95D-4479-A59D-4B024D1726DE}.Release|x64.ActiveCfg = Release|x64
		{E37F5F86-C95D-4479-A59D-4B024D1726DE}.Release|x64.Build.0 = Release|x64
		{E37F5F86-C95D-4479-A59D-4B024D1726DE}.Release|x86.ActiveCfg = Release|Win32
		{E37F5F86-C95D-4479-A59D-4B024D1726DE}.Release|x86.Build.0 = Release|Win32
		{F4049AB9-8919-4BE4-97E4-F5FAF40B75D7}.Debug|x64.ActiveCfg = Debug|x64
		{F4049AB9-8919-4BE4-97E4-F5FAF40B75D7}.Debug|x64.Build.0 = Debug|x64
		{F4049AB9-8919-4BE4-97E4-F5FAF40B75D7}.Debug|x86.ActiveCfg = Debug|Win32
		{F4049AB9-8919-4BE4-97E4-F5FAF40B75D7}.Debug|x86.Build.0 = Debug|Win32
		{F4049AB9-8919-4BE4-97E4-F5FAF40B75D7}.Release|x64.ActiveCfg = Release|x64
		{F4049AB9-8919-4BE4-97E4-F5FAF40B75D7}.Release|x64.Build.0 = Release|x64
		{F4049AB9-8919-4BE4-97E4-F5FAF40B75D7}.Release|x86.ActiveCfg = Release|Win32
		{F4049AB9-8919-4BE4-97E4-F5FAF40B75D7}.Release|x86.Build.0 = Release|Win32
		{A714F54E-F9E6-4D78-B60D-669C11B4728E}.Debug|x64.ActiveCfg = Debug|x64
		{A714F54E-F9E6-4D78-B60D-669C11B4728E}.Debug|x64.Build.0 = Debug|x64
		{A714F54E-F9E6-4D78-B60D-669C11B4728E}.Debug|x86.ActiveCfg = Debug|Win32
		{A714F54E-F9E6-4D78-B60D-669C11B4728E}.Debug|x86.Build.0 = Debug|Win32
		{A714F54E-F9E6-4D78-B60D-669C11B4728E}.Release|x64.ActiveCfg = Release|x64
		{A714F54E-F9E6-4D78-B60D-669C11B4728E}.Release|x64.Build.0 = Release|x64
		{A714F54E-F9E6-4D78-B60D-669C11B4728E}.Release|x86.ActiveCfg = Release|Win32
		{A714F54E-F9E6-4D78-B60D-669C11B4728E}.Release|x86.Build.0 = Release|Win32
		{DD6D5CA6-3369-45AA-856B-CBFC96154A21}.Debug|x64.ActiveCfg = Debug|x64
		{DD6D5CA6-3369-45AA-856B-CBFC96154A21}.Debug|x64.Build.0 = Debug|x64
		{DD6D5CA6-3369-45AA-856B-CBFC96154A21}.Debug|x86.ActiveCfg = Debug|Win32
		{DD6D5CA6-3369-45AA-856B-CBFC96154A21}.Debug|x86.Build.0 = Debug|Win32
		{DD6D5CA6-3369-45AA-856B-CBFC96154A21}.Release|x64.ActiveCfg = Release|x64
		{DD6D5CA6-3369-45AA-856B-CBFC96154A21}.Release|x64.Build.0 = Release|x64
		{DD6D5CA6-3369-45AA-856B-CBFC96154A21}.Release|x86.ActiveCfg = Release|Win32
		{DD6D5CA6-3369-45AA-856B-CBFC96154A21}.Release|x86.Build.0 = Release|Win32
		{DD698EFF-30FC-4268-AB51-74F8326264FD}.Debug|x64.ActiveCfg = Debug|x64
		{DD698EFF-30FC-4268-AB51-74F8326264FD}.Debug|x64.Build.0 = Debug|x64
		{DD698EFF-30FC-4268-AB51-74F8326264FD}.Debug|x86.ActiveCfg = Debug|Win32
		{DD698EFF-30FC-4268-AB51-74F8326264FD}.Debug|x86.Build.0 = Debug|Win32
		{DD698EFF-30FC-4268-AB51-74F8326264FD}.Release|x64.ActiveCfg = Release|x64
		{DD698EFF-30FC-4268-AB51-74F8326264FD}.Release|x64.Build.0 = Release|x64
		{DD698EFF-30FC-4268-AB51-74F8326264FD}.Release|x86.ActiveCfg = Release|Win32
		{DD698EFF-30FC-4268-AB51-74F8326264FD}.Release|x86.Build.0 = Release|Win32
		{2D6CA516-08AD-40E8-B6A5-1970E6F62DEB}.Debug|x64.ActiveCfg = Debug|x64
		{2D6CA516-08AD-40E8-B6A5-1970E6F62DEB}.Debug|x64.Build.0 = Debug|x64
		{2D6CA516-08AD-40E8-B6A5-1970E6F62DEB}.Debug|x86.ActiveCfg = Debug|Win32
		{2D6CA516-08AD-40E8-B6A5-1970E6F62DEB}.Debug|x86.Build.0 = Debug|Win32
		{2D6CA516-08AD-40E8-B6A5-1970E6F62DEB}.Release|x64.ActiveCfg = Release|x64
		{2D6CA516-08AD-40E8-B6A5-1970E6F62DEB}.Release|x64.Build.0 = Release|x64
		{2D6CA516-08AD-40E8-B6A5-1970E6F62DEB}.Release|x86.ActiveCfg = Release|Win32
		{2D6CA516-08AD-40E8-B6A5-1970E6F62DEB}.Release|x86.Build.0 = Release|Win32
		{2831AAA0-651A-4028-8AD2-36C61C5803F6}.Debug|x64.ActiveCfg = Debug|x64
		{2831AAA0-651A-4028-8AD2-36C61C5803F6}.Debug|x64.Build.0 = Debug|x64
		{2831AAA0-651A-4028-8AD2-36C61C5803F6}.Debug|x86.ActiveCfg = Debug|Win32
		{2831AAA0-651A-4028-8AD2-36C61C5803F6}.Debug|x86.Build.0 = Debug|Win32
		{2831AAA0-651A-4028-8AD2-36C61C5803F6}.Release|x64.ActiveCfg = Release|x64
		{2831AAA0-651A-4028-8AD2-36C61C5803F6}.Release|x64.Build.0 = Release|x64
		{2831AAA0-651A-4028-8AD2-36C61C5803F6}.Release|x86.ActiveCfg = Release|Win32
		{2831AAA0-651A-4028-8AD2-36C61C5803F6}.Release|x86.Build.0 = Release|Win32
		{B716A21A-886D-4149-BF54-7A2FA183AA67}.Debug|x64.ActiveCfg = Debug|x64
		{B716A21A-886D-4149-BF54-7A2FA183AA67}.Debug|x64.Build.0 = Debug|x64
		{B716A21A-886D-4149-BF54-7A2FA183AA67}.Debug|x86.ActiveCfg = Debug|Win32
		{B716A21A-886D-4149-BF54-7A2FA183AA67}.Debug|x86.Build.0 = Debug|Win32
		{B716A21A-886D-4149-BF54-7A2FA183AA67}.Release|x64.ActiveCfg = Release|x64
		{B716A21A-886D-4149-BF54-7A2FA183AA67}.Release|x64.Build.0 = Release|x64
		{B716A21A-886D-4149-BF54-7A2FA183AA67}.Release|x86.ActiveCfg = Release|Win32
		{B716A21A-886D-4149-BF54-7A2FA183AA67}.Release|x86.Build.0 = Release|Win32
		{DD7FD6E3-C3CA-4C0C-9B78-57723F602322}.Debug|x64.ActiveCfg = Debug|x64
		{DD7FD6E3-C3CA-4C0C-9B78-57723F602322}.Debug|x64.Build.0 = Debug|x64
		{DD7FD6E3-C3CA-4C0C-9B78-57723F602322}.Debug|x86.ActiveCfg = Debug|Win32
		{DD7FD6E3-C3CA-4C0C-9B78-57723F602322}.Debug|x86.Build.0 = Debug|Win32
		{DD7FD6E3-C3CA-4C0C-9B78-57723F602322}.Release|x64.ActiveCfg = Release|x64
		{DD7FD6E3-C3CA-4C0C-9B78-57723F602322}.Release|x64.Build.0 = Release|x64
		{DD7FD6E3-C3CA-4C0C-9B78-57723F602322}.Release|x86.ActiveCfg = Release|Win32
		{DD7FD6E3-C3CA-4C0C-9B78-57723F602322}.Release|x86.Build.0 = Release|Win32
		{7368C360-BB10-4011-82FF-39B21777F834}.Debug|x64.ActiveCfg = Debug|x64
		{7368C360-BB10-4011-82FF-39B21777F834}.Debug|x64.Build.0 = Debug|x64
		{7368C360-BB10-4011-82FF-39B21777F834}.Debug|x86.ActiveCfg = Debug|Win32
		{7368C360-BB10-4011-82FF-39B21777F834}.Debug|x86.Build.0 = Debug|Win32
		{7368C360-BB10-4011-82FF-39B21777F834}.Release|x64.ActiveCfg = Release|x64
		{7368C360-BB10-4011-82FF-39B21777F834}.Release|x64.Build.0 = Release|x64
		{7368C360-BB10-4011-82FF-39B21777F834}.Release|x86.ActiveCfg = Release|Win32
		{7368C360-BB10-4011-82FF-39B21777F834}.Release|x86.Build.0 = Release|Win32
		{68DBD23D-5062-4E4A-8576-2550E0DA3A3E}.Debug|x64.ActiveCfg = Debug|x64
		{68DBD23D-5062-4E4A-8576-2550E0DA3A3E}.Debug|x64.Build.0 = Debug|x64
		{68DBD23D-5062-4E4A-8576-2550E0DA3A3E}.Debug|x86.ActiveCfg = Debug|Win32
		{68DBD23D-5062-4E4A-8576-2550E0DA3A3E}.Debug|x86.Build.0 = Debug|Win32
		{68DBD23D-5062-4E4A-8576-2550E0DA3A3E}.Release|x64.ActiveCfg = Release|x64
		{68DBD23D-5062-4E4A-8576-2550E0DA3A3E}.Release|x64.Build.0 = Release|x64
		{68DBD23D-5062-4E4A-8576-2550E0DA3A3E}.Release|x86.ActiveCfg = Release|Win32
		{68DBD23D-5062-4E4A-8576-2550E0DA3A3E}.Release|x86.Build.0 = Release|Win32
		{73EDBB83-4260-433C-BA71-3AF2D72BB953}.Debug|x64.ActiveCfg = Debug|x64
		{73EDBB83-4260-433C-BA71-3AF2D72BB953}.Debug|x64.Build.0 = Debug|x64
		{73EDBB83-4260-433C-BA71-3AF2D72BB953}.Debug|x86.ActiveCfg = Debug|Win32
		{73EDBB83-4260-433C-BA71-3AF2D72BB953}.Debug|x86.Build.0 = Debug|Win32
		{73EDBB83-4260-433C-BA71-3AF2D72BB953}.Release|x64.ActiveCfg = Release|x64
		{73EDBB83-4260-433C-BA71-3AF2D72BB953}.Release|x64.Build.0 = Release|x64
		{73EDBB83-4260-433C-BA71-3AF2D72BB953}.Release|x86.ActiveCfg = Release|Win32
		{73EDBB83-4260-433C-BA71-3AF2D72BB953}.Release|x86.Build.0 = Release|Win32
		{7852852F-35B7-458A-BF0B-5C232200A4DC}.Debug|x64.ActiveCfg = Debug|x64
		{7852852F-35B7-458A-BF0B-5C232200A4DC}.Debug|x64.Build.0 = Debug|x64
		{7852852F-35B7-458A-BF0B-5C232200A4DC}.Debug|x86.ActiveCfg = Debug|Win32
		{7852852F-35B7-458A-BF0B-5C232200A4DC}.Debug|x86.Build.0 = Debug|Win32
		{7852852F-35B7-458A-BF0B-5C232200A4DC}.Release|x64.ActiveCfg = Release|x64
		{7852852F-35B7-458A-BF0B-5C232200A4DC}.Release|x64.Build.0 = Release|x64
		{7852852F-35B7-458A-BF0B-5C232200A4DC}.Release|x86.ActiveCfg = Release|Win32
		{7852852F-35B7-458A-BF0B-5C232200A4DC}.Release|x86.Build.0 = Release|Win32
		{4AA855AA-2929-429F-B1EA-F08AE8C019F5}.Debug|x64.ActiveCfg = Debug|x64
		{4AA855AA-2929-429F-B1EA-F08AE8C019F5}.Debug|x64.Build.0 = Debug|x64
		{4AA855AA-2929-429F-B1EA-F08AE8C019F5}.Debug|x86.ActiveCfg = Debug|Win32
		{4AA855AA-2929-429F-B1EA-F08AE8C019F5}.Debug|x86.Build.0 = Debug|Win32
		{4AA855AA-2929-429F-B1EA-F08AE8C019F5}.Release|x64.ActiveCfg = Release|x64
		{4AA855AA-2929-429F-B1EA-F08AE8C019F5}.Release|x64.Build.0 = Release|x64
		{4AA855AA-2929-429F-B1EA-F08AE8C019F5}.Release|x86.ActiveCfg = Release|Win32
		{4AA855AA-2929-429F-B1EA-F08AE8C019F5}.Release|x86.Build.0 = Release|Win32
		{6C95753B-4171-49C3-89CB-E3BCCBE855EC}.Debug|x64.ActiveCfg = Debug|x64
		{6C95753B-4171-49C3-89CB-E3BCCBE855EC}.Debug|x64.Build.0 = Debug|x64
		{6C95753B-4171-49C3-89CB-E3BCCBE855EC}.Debug|x86.ActiveCfg = Debug|Win32
		{6C95753B-4171-49C3-89CB-E3BCCBE855EC}.Debug|x86.Build.0 = Debug|Win32
		{6C95753B-4171-49C3-89CB-E3BCCBE855EC}.Release|x64.ActiveCfg = Release|x64
		{6C95753B-4171-49C3-89CB-E3BCCBE855EC}.Release|x64.Build.0 = Release|x64
		{6C95753B-4171-49C3-89CB-E3BCCBE855EC}.Release|x86.ActiveCfg = Release|Win32
		{6C95753B-4171-49C3-89CB-E3BCCBE855EC}.Release|x86.Build.0 = Release|Win32
		{209476FD-D3A2-43D0-A987-9EE8B111B9A5}.Debug|x64.ActiveCfg = Debug|x64
		{209476FD-D3A2-43D0-A987-9EE8B111B9A5}.Debug|x64.Build.0 = Debug|x64
		{209476FD-D3A2-43D0-A987-9EE8B111B9A5}.Debug|x86.ActiveCfg = Debug|Win32
		{209476FD-D3A2-43D0-A987-9EE8B111B9A5}.Debug|x86.Build.0 = Debug|Win32
		{209476FD-D3A2-43D0-A987-9EE8B111B9A5}.Release|x64.ActiveCfg = Release|x64
		{209476FD-D3A2-43D0-A987-9EE8B111B9A5}.Release|x64.Build.0 = Release|x64
		{209476FD-D3A2-43D0-A987-9EE8B111B9A5}.Release|x86.ActiveCfg = Release|Win32
		{209476FD-D3A2-43D0-A987-9EE8B111B9A5}.Release|x86.Build.0 = Release|Win32
		{47A82551-D8E0-42D0-939D-2D57C092D774}.Debug|x64.ActiveCfg = Debug|x64
		{47A82551-D8E0-42D0-939D-2D57C092D774}.Debug|x64.Build.0 = Debug|x64
		{47A82551-D8E0-42D0-939D-2D57C092D774}.Debug|x86.ActiveCfg = Debug|Win32
		{47A82551-D8E0-42D0-939D-2D57C092D774}.Debug|x86.Build.0 = Debug|Win32
		{47A82551-D8E0-42D0-939D-2D57C092D774}.Release|x64.ActiveCfg = Release|x64
		{47A82551-D8E0-42D0-939D-2D57C092D774}.Release|x64.Build.0 = Release|x64
		{47A82551-D8E0-42D0-939D-2D57C092D774}.Release|x86.ActiveCfg = Release|Win32
		{47A82551-D8E0-42D0-939D-2D57C092D774}.Release|x86.Build.0 = Release|Win32
		{CA6BFD9B-E2A4-43D9-915E-F1E3F10FEB06}.Debug|x64.ActiveCfg = Debug|x64
		{CA6BFD9B-E2A4-43D9-915E-F1E3F10FEB06}.Debug|x64.Build.0 = Debug|x64
		{CA6BFD9B-E2A4-43D9-915E-F1E3F10FEB06}.Debug|x86.ActiveCfg = Debug|Win32
		{CA6BFD9B-E2A4-43D9-915E-F1E3F10FEB06}.Debug|x86.Build.0 = Debug|Win32
		{CA6BFD9B-E2A4-43D9-915E-F1E3F10FEB06}.Release|x64.ActiveCfg = Release|x64
		{CA6BFD9B-E2A4-43D9-915E-F1E3F10FEB06}.Release|x64.Build.0 = Release|x64
		{CA6BFD9B-E2A4-43D9-915E-F1E3F10FEB06}.Release|x86.ActiveCfg = Release|Win32
		{CA6BFD9B-E2A4-43D9-915E-F1E3F10FEB06}.Release|x86.Build.0 = Release|Win32
		{A76B1EF1-B084-4029-BF79-A31081EFFFB2}.Debug|x64.ActiveCfg = Debug|x64
		{A76B1EF1-B084-4029-BF79-A31081EFFFB2}.Debug|x64.Build.0 = Debug|x64
		{A76B1EF1-B084-4029-BF79-A31081EFFFB2}.Debug|x86.ActiveCfg = Debug|Win32
		{A76B1EF1-B084-4029-BF79-A31081EFFFB2}.Debug|x86.Build.0 = Debug|Win32
		{A76B1EF1-B084-4029-BF79-A31081EFFFB2}.Release|x64.ActiveCfg = Release|x64
		{A76B1EF1-B084-4029-BF79-A31081EFFFB2}.Release|x64.Build.0 = Release|x64
		{A76B1EF1-B084-4029-BF79-A31081EFFFB2}.Release|x86.ActiveCfg = Release|Win32
		{A76B1EF1-B084-4029-BF79-A31081EFFFB2}.Release|x86.Build.0 = Release|Win32
		{ECC96BE5-7D3B-4C32-A2B7-46EEC06ABEF4}.Debug|x64.ActiveCfg = Debug|x64
		{ECC96BE5-7D3B-4C32-A2B7-46EEC06ABEF4}.Debug|x64.Build.0 = Debug|x64
		{ECC96BE5-7D3B-4C32-A2B7-46EEC06ABEF4}.Debug|x86.ActiveCfg = Debug|Win32
		{ECC96BE5-7D3B-4C32-A2B7-46EEC06ABEF4}.Debug|x86.Build.0 = Debug|Win32
		{ECC96BE5-7D3B-4C32-A2B7-46EEC06ABEF4}.Release|x64.ActiveCfg = Release|x64
		{ECC96BE5-7D3B-4C32-A2B7-46EEC06ABEF4}.Release|x64.Build.0 = Release|x64
		{ECC96BE5-7D3B-4C32-A2B7-46EEC06ABEF4}.Release|x86.ActiveCfg = Release|Win32
		{ECC96BE5-7D3B-4C32-A2B7-46EEC06ABEF4}.Release|x86.Build.0 = Release|Win32
		{23CB6AF9-D0A8-46A0-BC06-8656780FF1DC}.Debug|x64.ActiveCfg = Debug|x64
		{23CB6AF9-D0A8-46A0-BC06-8656780FF1DC}.Debug|x64.Build.0 = Debug|x64
		{23CB6AF9-D0A8-46A0-BC06-8656780FF1DC}.Debug|x86.ActiveCfg = Debug|Win32
		{23CB6AF9-D0A8-46A0-BC06-8656780FF1DC}.Debug|x86.Build.0 = Debug|Win32
		{23CB6AF9-D0A8-46A0-BC06-8656780FF1DC}.Release|x64.ActiveCfg = Release|x64
		{23CB6AF9-D0A8-46A0-BC06-8656780FF1DC}.Release|x64.Build.0 = Release|x64
		{23CB6AF9-D0A8-46A0-BC06-8656780FF1DC}.Release|x86.ActiveCfg = Release|Win32
		{23CB6AF9-D0A8-46A0-BC06-8656780FF1DC}.Release|x86.Build.0 = Release|Win32
		{8B9D1851-58E1-476F-B7CA-E7FDDC378320}.Debug|x64.ActiveCfg = Debug|x64
		{8B9D1851-58E1-476F-B7CA-E7FDDC378320}.Debug|x64.Build.0 = Debug|x64
		{8B9D1851-58E1-476F-B7CA-E7FDDC378320}.Debug|x86.ActiveCfg = Debug|Win32
		{8B9D1851-58E1-476F-B7CA-E7FDDC378320}.Debug|x86.Build.0 = Debug|Win32
		{8B9D1851-58E1-476F-B7CA-E7FDDC378320}.Release|x64.ActiveCfg = Release|x64
		{8B9D1851-58E1-476F-B7CA-E7FDDC378320}.Release|x64.Build.0 = Release|x64
		{8B9D1851-58E1-476F-B7CA-E7FDDC378320}.Release|x86.ActiveCfg = Release|Win32
		{8B9D1851-58E1-476F-B7CA-E7FDDC378320}.Release|x86.Build.0 = Release|Win32
		{22C93877-D34D-4FEA-8332-DD5D5F97FAD5}.Debug|x64.ActiveCfg = Debug|x64
		{22C93877-D34D-4FEA-8332-DD5D5F97FAD5}.Debug|x64.Build.0 = Debug|x64
		{22C93877-D34D-4FEA-8332-DD5D5F97FAD5}.Debug|x86.ActiveCfg = Debug|Win32
		{22C93877-D34D-4FEA-8332-DD5D5F97FAD5}.Debug|x86.Build.0 = Debug|Win32
		{22C93877-D34D-4FEA-8332-DD5D5F97FAD5}.Release|x64.ActiveCfg = Release|x64
		{22C93877-D34D-4FEA-8332-DD5D5F97FAD5}.Release|x64.Build.0 = Release|x64
		{22C93877-D34D-4FEA-8332-DD5D5F97FAD5}.Release|x86.ActiveCfg = Release|Win32
		{22C93877-D34D-4FEA-8332-DD5D5F97FAD5}.Release|x86.Build.0 = Release|Win32
		{F873A158-7745-4B07-802A-E6E21D9F9487}.Debug|x64.ActiveCfg = Debug|x64
		{F873A158-7745-4B07-802A-E6E21D9F9487}.Debug|x64.Build.0 = Debug|x64
		{F873A158-7745-4B07-802A-E6E21D9F9487}.Debug|x86.ActiveCfg = Debug|Win32
		{F873A158-7745-4B07-802A-E6E21D9F9487}.Debug|x86.Build.0 = Debug|Win32
		{F873A158-7745-4B07-802A-E6E21D9F9487}.Release|x64.ActiveCfg = Release|x64
		{F873A158-7745-4B07-802A-E6E21D9F9487}.Release|x64.Build.0 = Release|x64
		{F873A158-7745-4B07-802A-E6E21D9F9487}.Release|x86.ActiveCfg = Release|Win32
		{F873A158-7745-4B07-802A-E6E21D9F9487}.Release|x86.Build.0 = Release|Win32
		{8C920D71-26F5-49B7-B4C6-B78CB047037B}.Debug|x64.ActiveCfg = Debug|x64
		{8C920D71-26F5-49B7-B4C6-B78CB047037B}.Debug|x64.Build.0 = Debug|x64
		{8C920D71-26F5-49B7-B4C6-B78CB047037B}.Debug|x86.ActiveCfg = Debug|Win32
		{8C920D71-26F5-49B7-B4C6-B78CB047037B}.Debug|x86.Build.0 = Debug|Win32
		{8C920D71-26F5-49B7-B4C6-B78CB047037B}.Release|x64.ActiveCfg = Release|x64
		{8C920D71-26F5-49B7-B4C6-B78CB047037B}.Release|x64.Build.0 = Release|x64
		{8C920D71-26F5-49B7-B4C6-B78CB047037B}.Release|x86.ActiveCfg = Release|Win32
		{8C920D71-26F5-49B7-B4C6-B78CB047037B}.Release|x86.Build.0 = Release|Win32
		{316F207E-2754-46ED-9C4B-337940576AE6}.Debug|x64.ActiveCfg = Debug|x64
		{316F207E-2754-46ED-9C4B-337940576AE6}.Debug|x64.Build.0 = Debug|x64
		{316F207E-2754-46ED-9C4B-337940576AE6}.Debug|x86.ActiveCfg = Debug|Win32
		{316F207E-2754-46ED-9C4B-337940576AE6}.Debug|x86.Build.0 = Debug|Win32
		{316F207E-2754-46ED-9C4B-337940576AE6}.Release|x64.ActiveCfg = Release|x64
		{316F207E-2754-46ED-9C4B-337940576AE6}.Release|x64.Build.0 = Release|x64
		{316F207E-2754-46ED-9C4B-337940576AE6}.Release|x86.ActiveCfg = Release|Win32
		{316F207E-2754-46ED-9C4B-337940576AE6}.Release|x86.Build.0 = Release|Win32
		{B0A744BA-8FD8-4A4C-A673-77EDD4D9E21F}.Debug|x64.ActiveCfg = Debug|x64
		{B0A744BA-8FD8-4A4C-A673-77EDD4D9E21F}.Debug|x64.Build.0 = Debug|x64
		{B0A744BA-8FD8-4A4C-A673-77EDD4D9E21F}.Debug|x86.ActiveCfg = Debug|Win32
		{B0A744BA-8FD8-4A4C-A673-77EDD4D9E21F}.Debug|x86.Build.0 = Debug|Win32
		{B0A744BA-8FD8-4A4C-A673-77EDD4D9E21F}.Release|x64.ActiveCfg = Release|x64
		{B0A744BA-8FD8-4A4C-A673-77EDD4D9E21F}.Release|x64.Build.0 = Release|x64
		{B0A744BA-8FD8-4A4C-A673-77EDD4D9E21F}.Release|x86.ActiveCfg = Release|Win32
		{B0A744BA-8FD8-4A4C-A673-77EDD4D9E21F}.Release|x86.Build.0 = Release|Win32
		{2405CCB3-2CE8-4993-994F-076F90F93303}.Debug|x64.ActiveCfg = Debug|x64
		{2405CCB3-2CE8-4993-994F-076F90F93303}.Debug|x64.Build.0 = Debug|x64
		{2405CCB3-2CE8-4993-994F-076F90F93303}.Debug|x86.ActiveCfg = Debug|Win32
		{2405CCB3-2CE8-4993-994F-076F90F93303}.Debug|x86.Build.0 = Debug|Win32
		{2405CCB3-2CE8-4993-994F-076F90F93303}.Release|x64.ActiveCfg = Release|x64
		{2405CCB3-2CE8-4993-994F-076F90F93303}.Release|x64.Build.0 = Release|x64
		{2405CCB3-2CE8-4993-994F-076F90F93303}.Release|x86.ActiveCfg = Release|Win32
		{2405CCB3-2CE8-4993-994F-076F90F93303}.Release|x86.Build.0 = Release|Win32
		{A9D8D984-2C4B-4165-B8F5-DFDAC56B48FF}.Debug|x64.ActiveCfg = Debug|x64
		{A9D8D984-2C4B-4165-B8F5-DFDAC56B48FF}.Debug|x64.Build.0 = Debug|x64
		{A9D8D984-2C4B-4165-B8F5-DFDAC56B48FF}.Debug|x86.ActiveCfg = Debug|Win32
		{A9D8D984-2C4B-4165-B8F5-DFDAC56B48FF}.Debug|x86.Build.0 = Debug|Win32
		{A9D8D984-2C4B-4165-B8F5-DFDAC56B48FF}.Release|x64.ActiveCfg = Release|x64
		{A9D8D984-2C4B-4165-B8F5-DFDAC56B48FF}.Release|x64.Build.0 = Release|x64
		{A9D8D984-2C4B-4165-B8F5-DFDAC56B48FF}.Release|x86.ActiveCfg = Release|Win32
		{A9D8D984-2C4B-4165-B8F5-DFDAC56B48FF}.Release|x86.Build.0 = Release|Win32
		{4C27ED96-436C-4047-ABF9-C945A4CD58CE}.Debug|x64.ActiveCfg = Debug|x64
		{4C27ED96-436C-4047-ABF9-C945A4CD58CE}.Debug|x64.Build.0 = Debug|x64
		{4C27ED96-436C-4047-ABF9-C945A4CD58CE}.Debug|x86.ActiveCfg = Debug|Win32
		{4C27ED96-436C-4047-ABF9-C945A4CD58CE}.Debug|x86.Build.0 = Debug|Win32
		{4C27ED96-436C-4047-ABF9-C945A4CD58CE}.Release|x64.ActiveCfg = Release|x64
		{4C27ED96-436C-4047-ABF9-C945A4CD58CE}.Release|x64.Build.0 = Release|x64
		{4C27ED96-436C-4047-ABF9-C945A4CD58CE}.Release|x86.ActiveCfg = Release|Win32
		{4C27ED96-436C-4047-ABF9-C945A4CD58CE}.Release|x86.Build.0 = Release|Win32
		{3F8DB2C2-00B2-4806-8AD6-A7C99439565D}.Debug|x64.ActiveCfg = Debug|x64
		{3F8DB2C2-00B2-4806-8AD6-A7C99439565D}.Debug|x64.Build.0 = Debug|x64
		{3F8DB2C2-00B2-4806-8AD6-A7C99439565D}.Debug|x86.ActiveCfg = Debug|Win32
		{3F8DB2C2-00B2-4806-8AD6-A7C99439565D}.Debug|x86.Build.0 = Debug|Win32
		{3F8DB2C2-00B2-4806-8AD6-A7C99439565D}.Release|x64.ActiveCfg = Release|x64
		{3F8DB2C2-00B2-4806-8AD6-A7C99439565D}.Release|x64.Build.0 = Release|x64
		{3F8DB2C2-00B2-4806-8AD6-A7C99439565D}.Release|x86.ActiveCfg = Release|Win32
		{3F8DB2C2-00B2-4806-8AD6-A7C99439565D}.Release|x86.Build.0 = Release|Win32
		{B8509AF4-0CB1-4D24-B953-BEBC9B48620A}.Debug|x64.ActiveCfg = Debug|x64
		{B8509AF4-0CB1-4D24-B953-BEBC9B48620A}.Debug|x64.Build.0 = Debug|x64
		{B8509AF4-0CB1-4D24-B953-BEBC9B48620A}.Debug|x86.ActiveCfg = Debug|Win32
		{B8509AF4-0CB1-4D24-B953-BEBC9B48620A}.Debug|x86.Build.0 = Debug|Win32
		{B8509AF4-0CB1-4D24-B953-BEBC9B48620A}.Release|x64.ActiveCfg = Release|x64
		{B8509AF4-0CB1-4D24-B953-BEBC9B48620A}.Release|x64.Build.0 = Release|x64
		{B8509AF4-0CB1-4D24-B953-BEBC9B48620A}.Release|x86.ActiveCfg = Release|Win32
		{B8509AF4-0CB1-4D24-B953-BEBC9B48620A}.Release|x86.Build.0 = Release|Win32
		{0EAA36E6-DF78-40D5-ADEB-3CFFA8DB45AD}.Debug|x64.ActiveCfg = Debug|x64
		{0EAA36E6-DF78-40D5-ADEB-3CFFA8DB45AD}.Debug|x64.Build.0 = Debug|x64
		{0EAA36E6-DF78-40D5-ADEB-3CFFA8DB45AD}.Debug|x86.ActiveCfg = Debug|Win32
		{0EAA36E6-DF78-40D5-ADEB-3CFFA8DB45AD}.Debug|x86.Build.0 = Debug|Win32
		{0EAA36E6-DF78-40D5-ADEB-3CFFA8DB45AD}.Release|x64.ActiveCfg = Release|x64
		{0EAA36E6-DF78-40D5-ADEB-3CFFA8DB45AD}.Release|x64.Build.0 = Release|x64
		{0EAA36E6-DF78-40D5-ADEB-3CFFA8DB45AD}.Release|x86.ActiveCfg = Release|Win32
		{0EAA36E6-DF78-40D5-ADEB-3CFFA8DB45AD}.Release|x86.Build.0 = Release|Win32
	EndGlobalSection
	GlobalSection(SolutionProperties) = preSolution
		HideSolutionNode = FALSE
	EndGlobalSection
	GlobalSection(NestedProjects) = preSolution
		{F9DED6C0-BA3F-40A5-B065-33859E78C177} = {268075B0-A277-4077-8DF1-7DC6287469EF}
		{A33DBA0D-F774-44BA-954C-006B8FE0C195} = {268075B0-A277-4077-8DF1-7DC6287469EF}
		{B9709A6A-0C0B-4F5C-92C6-901887786F8A} = {268075B0-A277-4077-8DF1-7DC6287469EF}
		{ED7BC985-9F6C-44B9-AE38-EA9CB82753B1} = {268075B0-A277-4077-8DF1-7DC6287469EF}
		{3FC392DF-61CF-451F-BBFD-828DBFC0A0EF} = {268075B0-A277-4077-8DF1-7DC6287469EF}
		{B28F27A0-2484-4C87-A3B9-FEC770357627} = {268075B0-A277-4077-8DF1-7DC6287469EF}
		{497916AB-74E0-4927-84F6-AA5AB89842DB} = {268075B0-A277-4077-8DF1-7DC6287469EF}
		{FD232908-CB25-417E-A2CA-9D6D8E6EC022} = {268075B0-A277-4077-8DF1-7DC6287469EF}
		{AC85086D-6B3C-452B-9087-1E785D332462} = {268075B0-A277-4077-8DF1-7DC6287469EF}
		{8BF40C58-032A-4E4B-9953-E34889DD6384} = {268075B0-A277-4077-8DF1-7DC6287469EF}
		{59850EE0-5E1A-4B17-A7B3-D27476260FB1} = {268075B0-A277-4077-8DF1-7DC6287469EF}
		{79764E35-171D-42A1-9768-39A5000161CF} = {268075B0-A277-4077-8DF1-7DC6287469EF}
		{78FBA254-3C4F-41C7-B5E2-06BF3BC3A145} = {268075B0-A277-4077-8DF1-7DC6287469EF}
		{073525A8-0EFF-429B-A98C-0307044461F8} = {268075B0-A277-4077-8DF1-7DC6287469EF}
		{8E657E2E-6BB4-460A-8775-648626663FA0} = {268075B0-A277-4077-8DF1-7DC6287469EF}
		{66F0E1D5-7248-4A8D-9CB6-49C8CD97AA57} = {268075B0-A277-4077-8DF1-7DC6287469EF}
		{CA49ACC6-53B0-49A4-B403-A59BCEB4D244} = {268075B0-A277-4077-8DF1-7DC6287469EF}
		{CEB261E3-EBF6-48FD-BAF7-08FECC185A44} = {268075B0-A277-4077-8DF1-7DC6287469EF}
		{7922A30B-4EE2-4733-A865-B8230ABA43BA} = {268075B0-A277-4077-8DF1-7DC6287469EF}
		{CFB8AF35-D318-4ADB-A62C-D0A6AE70A156} = {268075B0-A277-4077-8DF1-7DC6287469EF}
		{C4CAC5D1-FBCB-49A3-944A-38B260D992C9} = {268075B0-A277-4077-8DF1-7DC6287469EF}
		{41C7FE3D-08FB-4850-B50B-D7FD6CE1815A} = {268075B0-A277-4077-8DF1-7DC6287469EF}
		{E37F5F86-C95D-4479-A59D-4B024D1726DE} = {268075B0-A277-4077-8DF1-7DC6287469EF}
		{F4049AB9-8919-4BE4-97E4-F5FAF40B75D7} = {268075B0-A277-4077-8DF1-7DC6287469EF}
		{A714F54E-F9E6-4D78-B60D-669C11B4728E} = {268075B0-A277-4077-8DF1-7DC6287469EF}
		{DD6D5CA6-3369-45AA-856B-CBFC96154A21} = {268075B0-A277-4077-8DF1-7DC6287469EF}
		{DD698EFF-30FC-4268-AB51-74F8326264FD} = {268075B0-A277-4077-8DF1-7DC6287469EF}
		{2D6CA516-08AD-40E8-B6A5-1970E6F62DEB} = {268075B0-A277-4077-8DF1-7DC6287469EF}
		{2831AAA0-651A-4028-8AD2-36C61C5803F6} = {268075B0-A277-4077-8DF1-7DC6287469EF}
		{B716A21A-886D-4149-BF54-7A2FA183AA67} = {268075B0-A277-4077-8DF1-7DC6287469EF}
		{DD7FD6E3-C3CA-4C0C-9B78-57723F602322} = {268075B0-A277-4077-8DF1-7DC6287469EF}
		{7368C360-BB10-4011-82FF-39B21777F834} = {268075B0-A277-4077-8DF1-7DC6287469EF}
		{68DBD23D-5062-4E4A-8576-2550E0DA3A3E} = {268075B0-A277-4077-8DF1-7DC6287469EF}
		{73EDBB83-4260-433C-BA71-3AF2D72BB953} = {268075B0-A277-4077-8DF1-7DC6287469EF}
		{7852852F-35B7-458A-BF0B-5C232200A4DC} = {268075B0-A277-4077-8DF1-7DC6287469EF}
		{4AA855AA-2929-429F-B1EA-F08AE8C019F5} = {268075B0-A277-4077-8DF1-7DC6287469EF}
		{6C95753B-4171-49C3-89CB-E3BCCBE855EC} = {A6A34B1D-793A-463E-AD5A-6EC32D4047F6}
		{209476FD-D3A2-43D0-A987-9EE8B111B9A5} = {268075B0-A277-4077-8DF1-7DC6287469EF}
		{47A82551-D8E0-42D0-939D-2D57C092D774} = {268075B0-A277-4077-8DF1-7DC6287469EF}
		{CA6BFD9B-E2A4-43D9-915E-F1E3F10FEB06} = {268075B0-A277-4077-8DF1-7DC6287469EF}
		{A76B1EF1-B084-4029-BF79-A31081EFFFB2} = {268075B0-A277-4077-8DF1-7DC6287469EF}
		{ECC96BE5-7D3B-4C32-A2B7-46EEC06ABEF4} = {A6A34B1D-793A-463E-AD5A-6EC32D4047F6}
		{23CB6AF9-D0A8-46A0-BC06-8656780FF1DC} = {268075B0-A277-4077-8DF1-7DC6287469EF}
		{8B9D1851-58E1-476F-B7CA-E7FDDC378320} = {268075B0-A277-4077-8DF1-7DC6287469EF}
		{22C93877-D34D-4FEA-8332-DD5D5F97FAD5} = {268075B0-A277-4077-8DF1-7DC6287469EF}
		{F873A158-7745-4B07-802A-E6E21D9F9487} = {268075B0-A277-4077-8DF1-7DC6287469EF}
		{8C920D71-26F5-49B7-B4C6-B78CB047037B} = {268075B0-A277-4077-8DF1-7DC6287469EF}
		{316F207E-2754-46ED-9C4B-337940576AE6} = {268075B0-A277-4077-8DF1-7DC6287469EF}
		{B0A744BA-8FD8-4A4C-A673-77EDD4D9E21F} = {268075B0-A277-4077-8DF1-7DC6287469EF}
		{2405CCB3-2CE8-4993-994F-076F90F93303} = {268075B0-A277-4077-8DF1-7DC6287469EF}
		{A9D8D984-2C4B-4165-B8F5-DFDAC56B48FF} = {268075B0-A277-4077-8DF1-7DC6287469EF}
		{4C27ED96-436C-4047-ABF9-C945A4CD58CE} = {268075B0-A277-4077-8DF1-7DC6287469EF}
		{3F8DB2C2-00B2-4806-8AD6-A7C99439565D} = {268075B0-A277-4077-8DF1-7DC6287469EF}
		{B8509AF4-0CB1-4D24-B953-BEBC9B48620A} = {268075B0-A277-4077-8DF1-7DC6287469EF}
		{0EAA36E6-DF78-40D5-ADEB-3CFFA8DB45AD} = {268075B0-A277-4077-8DF1-7DC6287469EF}
	EndGlobalSection
EndGlobal
